
Microsoft Visual Studio Solution File, Format Version 12.00
# Visual Studio 2013
VisualStudioVersion = 12.0.40629.0
MinimumVisualStudioVersion = 10.0.40219.1
Project("{2150E333-8FDC-42A3-9474-1A3956D46DE8}") = "Data", "Data", "{75858AB3-6885-4500-ADBA-4D40BFDC6EFB}"
EndProject
Project("{2150E333-8FDC-42A3-9474-1A3956D46DE8}") = "Web", "Web", "{4E15E2D4-E17B-4B8F-ADA0-B17DBF71C8A3}"
EndProject
Project("{FAE04EC0-301F-11D3-BF4B-00C04F79EFBC}") = "SpeedHero.Web", "Web\SpeedHero.Web\SpeedHero.Web.csproj", "{DF76D650-062D-4D59-9382-DF1CCC6038E3}"
EndProject
Project("{FAE04EC0-301F-11D3-BF4B-00C04F79EFBC}") = "SpeedHero.Data", "Data\SpeedHero.Data\SpeedHero.Data.csproj", "{F7AA3411-38CB-4F5E-AC84-5F3B2E7A46A5}"
EndProject
Project("{FAE04EC0-301F-11D3-BF4B-00C04F79EFBC}") = "SpeedHero.Data.Common", "Data\SpeedHero.Data.Common\SpeedHero.Data.Common.csproj", "{50A73845-1C38-4645-8243-652851380CB3}"
EndProject
Project("{FAE04EC0-301F-11D3-BF4B-00C04F79EFBC}") = "SpeedHero.Data.Models", "Data\SpeedHero.Data.Models\SpeedHero.Data.Models.csproj", "{50722DD9-0D29-478A-83FA-965B76150943}"
EndProject
Project("{FAE04EC0-301F-11D3-BF4B-00C04F79EFBC}") = "SpeedHero.Web.Infrastructure", "Web\SpeedHero.Web.Infrastructure\SpeedHero.Web.Infrastructure.csproj", "{DD67AD55-0488-454C-AAAF-D492146CC17B}"
EndProject
Project("{FAE04EC0-301F-11D3-BF4B-00C04F79EFBC}") = "SpeedHero.Common", "SpeedHero.Common\SpeedHero.Common.csproj", "{4D8B9D2A-8280-4B19-9AEC-807B6020C6DA}"
EndProject
Global
	GlobalSection(SolutionConfigurationPlatforms) = preSolution
		Debug|Any CPU = Debug|Any CPU
		Release|Any CPU = Release|Any CPU
	EndGlobalSection
	GlobalSection(ProjectConfigurationPlatforms) = postSolution
		{DF76D650-062D-4D59-9382-DF1CCC6038E3}.Debug|Any CPU.ActiveCfg = Debug|Any CPU
		{DF76D650-062D-4D59-9382-DF1CCC6038E3}.Debug|Any CPU.Build.0 = Debug|Any CPU
		{DF76D650-062D-4D59-9382-DF1CCC6038E3}.Release|Any CPU.ActiveCfg = Release|Any CPU
		{DF76D650-062D-4D59-9382-DF1CCC6038E3}.Release|Any CPU.Build.0 = Release|Any CPU
		{F7AA3411-38CB-4F5E-AC84-5F3B2E7A46A5}.Debug|Any CPU.ActiveCfg = Debug|Any CPU
		{F7AA3411-38CB-4F5E-AC84-5F3B2E7A46A5}.Debug|Any CPU.Build.0 = Debug|Any CPU
		{F7AA3411-38CB-4F5E-AC84-5F3B2E7A46A5}.Release|Any CPU.ActiveCfg = Release|Any CPU
		{F7AA3411-38CB-4F5E-AC84-5F3B2E7A46A5}.Release|Any CPU.Build.0 = Release|Any CPU
		{50A73845-1C38-4645-8243-652851380CB3}.Debug|Any CPU.ActiveCfg = Debug|Any CPU
		{50A73845-1C38-4645-8243-652851380CB3}.Debug|Any CPU.Build.0 = Debug|Any CPU
		{50A73845-1C38-4645-8243-652851380CB3}.Release|Any CPU.ActiveCfg = Release|Any CPU
		{50A73845-1C38-4645-8243-652851380CB3}.Release|Any CPU.Build.0 = Release|Any CPU
		{50722DD9-0D29-478A-83FA-965B76150943}.Debug|Any CPU.ActiveCfg = Debug|Any CPU
		{50722DD9-0D29-478A-83FA-965B76150943}.Debug|Any CPU.Build.0 = Debug|Any CPU
		{50722DD9-0D29-478A-83FA-965B76150943}.Release|Any CPU.ActiveCfg = Release|Any CPU
		{50722DD9-0D29-478A-83FA-965B76150943}.Release|Any CPU.Build.0 = Release|Any CPU
		{DD67AD55-0488-454C-AAAF-D492146CC17B}.Debug|Any CPU.ActiveCfg = Debug|Any CPU
		{DD67AD55-0488-454C-AAAF-D492146CC17B}.Debug|Any CPU.Build.0 = Debug|Any CPU
		{DD67AD55-0488-454C-AAAF-D492146CC17B}.Release|Any CPU.ActiveCfg = Release|Any CPU
		{DD67AD55-0488-454C-AAAF-D492146CC17B}.Release|Any CPU.Build.0 = Release|Any CPU
		{4D8B9D2A-8280-4B19-9AEC-807B6020C6DA}.Debug|Any CPU.ActiveCfg = Debug|Any CPU
		{4D8B9D2A-8280-4B19-9AEC-807B6020C6DA}.Debug|Any CPU.Build.0 = Debug|Any CPU
		{4D8B9D2A-8280-4B19-9AEC-807B6020C6DA}.Release|Any CPU.ActiveCfg = Release|Any CPU
		{4D8B9D2A-8280-4B19-9AEC-807B6020C6DA}.Release|Any CPU.Build.0 = Release|Any CPU
	EndGlobalSection
	GlobalSection(SolutionProperties) = preSolution
		HideSolutionNode = FALSE
	EndGlobalSection
	GlobalSection(NestedProjects) = preSolution
		{DF76D650-062D-4D59-9382-DF1CCC6038E3} = {4E15E2D4-E17B-4B8F-ADA0-B17DBF71C8A3}
		{F7AA3411-38CB-4F5E-AC84-5F3B2E7A46A5} = {75858AB3-6885-4500-ADBA-4D40BFDC6EFB}
		{50A73845-1C38-4645-8243-652851380CB3} = {75858AB3-6885-4500-ADBA-4D40BFDC6EFB}
		{50722DD9-0D29-478A-83FA-965B76150943} = {75858AB3-6885-4500-ADBA-4D40BFDC6EFB}
		{DD67AD55-0488-454C-AAAF-D492146CC17B} = {4E15E2D4-E17B-4B8F-ADA0-B17DBF71C8A3}
	EndGlobalSection
EndGlobal
